<?xml version="1.0" encoding="utf-8"?>
<Project ToolsVersion="4.0" xmlns="http://schemas.microsoft.com/developer/msbuild/2003">
  <ItemGroup>
    <Filter Include="Direct3D">
      <UniqueIdentifier>{ec515584-ae17-4f2c-9f89-b0b3b0e442fc}</UniqueIdentifier>
    </Filter>
    <Filter Include="Util">
      <UniqueIdentifier>{230d9f64-4856-4cd0-800f-2b9643433bfa}</UniqueIdentifier>
    </Filter>
    <Filter Include="Sample">
      <UniqueIdentifier>{b1734098-38df-4178-9c04-9e301faf726c}</UniqueIdentifier>
    </Filter>
    <Filter Include="Shaders">
      <UniqueIdentifier>{44cdeb84-6f47-41b1-a5c1-75c8032c11e9}</UniqueIdentifier>
    </Filter>
  </ItemGroup>
  <ItemGroup>
    <ClInclude Include="Util\SafeDelete.h">
      <Filter>Util</Filter>
    </ClInclude>
    <ClInclude Include="Util\Assert.h">
      <Filter>Util</Filter>
    </ClInclude>
    <ClInclude Include="Direct3D\Direct3D.h">
      <Filter>Direct3D</Filter>
    </ClInclude>
  </ItemGroup>
  <ItemGroup>
    <ClCompile Include="Sample\Main.cpp">
      <Filter>Sample</Filter>
    </ClCompile>
    <ClCompile Include="Direct3D\Direct3D.cpp">
      <Filter>Direct3D</Filter>
    </ClCompile>
  </ItemGroup>
  <ItemGroup>
    <FxCompile Include="Shaders\SimpleTriangle_VS.hlsl">
      <Filter>Shaders</Filter>
    </FxCompile>
    <FxCompile Include="Shaders\SimpleTriangle_PS.hlsl">
      <Filter>Shaders</Filter>
    </FxCompile>
    <FxCompile Include="Shaders\Cube_VS.hlsl">
      <Filter>Shaders</Filter>
    </FxCompile>
    <FxCompile Include="Shaders\Cube_PS.hlsl">
      <Filter>Shaders</Filter>
    </FxCompile>
  </ItemGroup>
  <ItemGroup>
    <None Include="Shaders\Cube.hlsli">
      <Filter>Shaders</Filter>
    </None>
  </ItemGroup>
</Project>